{
  "nodes": {
    "Comment-nvim-src": {
      "flake": false,
      "locked": {
        "lastModified": 1691409559,
        "narHash": "sha256-+dF1ZombrlO6nQggufSb0igXW5zwU++o0W/5ZA07cdc=",
        "owner": "numToStr",
        "repo": "Comment.nvim",
        "rev": "0236521ea582747b58869cb72f70ccfa967d2e89",
        "type": "github"
      },
      "original": {
        "owner": "numToStr",
        "repo": "Comment.nvim",
        "type": "github"
      }
    },
    "bufferline-nvim-src": {
      "flake": false,
      "locked": {
        "lastModified": 1709805539,
        "narHash": "sha256-drvgwupiyRAoShL2enXEYUumkYJnG+QtIkBIVqVZK+U=",
        "owner": "akinsho",
        "repo": "bufferline.nvim",
        "rev": "64e2c5def50dfd6b6f14d96a45fa3d815a4a1eef",
        "type": "github"
      },
      "original": {
        "owner": "akinsho",
        "repo": "bufferline.nvim",
        "type": "github"
      }
    },
    "cmp-nvim-lsp-src": {
      "flake": false,
      "locked": {
        "lastModified": 1702205473,
        "narHash": "sha256-/0sh9vJBD9pUuD7q3tNSQ1YLvxFMNykdg5eG+LjZAA8=",
        "owner": "hrsh7th",
        "repo": "cmp-nvim-lsp",
        "rev": "5af77f54de1b16c34b23cba810150689a3a90312",
        "type": "github"
      },
      "original": {
        "owner": "hrsh7th",
        "repo": "cmp-nvim-lsp",
        "type": "github"
      }
    },
    "darwin": {
      "inputs": {
        "nixpkgs": [
          "nixpkgs"
        ]
      },
      "locked": {
        "lastModified": 1711763326,
        "narHash": "sha256-sXcesZWKXFlEQ8oyGHnfk4xc9f2Ip0X/+YZOq3sKviI=",
        "owner": "lnl7",
        "repo": "nix-darwin",
        "rev": "36524adc31566655f2f4d55ad6b875fb5c1a4083",
        "type": "github"
      },
      "original": {
        "owner": "lnl7",
        "ref": "master",
        "repo": "nix-darwin",
        "type": "github"
      }
    },
    "disko": {
      "inputs": {
        "nixpkgs": [
          "nixpkgs"
        ]
      },
      "locked": {
        "lastModified": 1713406758,
        "narHash": "sha256-kwZvhmx+hSZvjzemKxsAqzEqWmXZS47VVwQhNrINORQ=",
        "owner": "nix-community",
        "repo": "disko",
        "rev": "1efd500e9805a9efbce401ed5999006d397b9f11",
        "type": "github"
      },
      "original": {
        "owner": "nix-community",
        "repo": "disko",
        "type": "github"
      }
    },
    "flake-utils": {
      "inputs": {
        "systems": "systems"
      },
      "locked": {
        "lastModified": 1705309234,
        "narHash": "sha256-uNRRNRKmJyCRC/8y1RqBkqWBLM034y4qN7EprSdmgyA=",
        "owner": "numtide",
        "repo": "flake-utils",
        "rev": "1ef2e671c3b0c19053962c07dbda38332dcebf26",
        "type": "github"
      },
      "original": {
        "owner": "numtide",
        "repo": "flake-utils",
        "type": "github"
      }
    },
    "home-manager": {
      "inputs": {
        "nixpkgs": [
          "nixpkgs"
        ]
      },
      "locked": {
        "lastModified": 1713391096,
        "narHash": "sha256-5xkzsy+ILgQlmvDDipL5xqAehnjWBenAQXV4/NLg2dE=",
        "owner": "nix-community",
        "repo": "home-manager",
        "rev": "f46814ec7cbef9c2aef18ca1cbe89f2bb1e8c394",
        "type": "github"
      },
      "original": {
        "owner": "nix-community",
        "ref": "master",
        "repo": "home-manager",
        "type": "github"
      }
    },
    "nix2vim": {
      "inputs": {
        "flake-utils": "flake-utils",
        "nixpkgs": [
          "nixpkgs"
        ]
      },
      "locked": {
        "lastModified": 1707832982,
        "narHash": "sha256-Jsrj8HJyo+PmjrHIDhq4gjZCE0eYCVmmTrx24cG8eOQ=",
        "owner": "gytis-ivaskevicius",
        "repo": "nix2vim",
        "rev": "2fb1328cf058fc967b02f9a5330a99253b4c247e",
        "type": "github"
      },
      "original": {
        "owner": "gytis-ivaskevicius",
        "repo": "nix2vim",
        "type": "github"
      }
    },
    "nixlib": {
      "locked": {
        "lastModified": 1712450863,
        "narHash": "sha256-K6IkdtMtq9xktmYPj0uaYc8NsIqHuaAoRBaMgu9Fvrw=",
        "owner": "nix-community",
        "repo": "nixpkgs.lib",
        "rev": "3c62b6a12571c9a7f65ab037173ee153d539905f",
        "type": "github"
      },
      "original": {
        "owner": "nix-community",
        "repo": "nixpkgs.lib",
        "type": "github"
      }
    },
    "nixos-generators": {
      "inputs": {
        "nixlib": "nixlib",
        "nixpkgs": [
          "nixpkgs"
        ]
      },
      "locked": {
        "lastModified": 1712537332,
        "narHash": "sha256-yYlxv1sg/TNl6hghjAe0ct+/p5PwXiT1mpuaExjhR88=",
        "owner": "nix-community",
        "repo": "nixos-generators",
        "rev": "d942db8df8ee860556a38754f15b8d03bf7e6933",
        "type": "github"
      },
      "original": {
        "owner": "nix-community",
        "repo": "nixos-generators",
        "type": "github"
      }
    },
    "nixpkgs": {
      "locked": {
        "lastModified": 1713248628,
        "narHash": "sha256-NLznXB5AOnniUtZsyy/aPWOk8ussTuePp2acb9U+ISA=",
        "owner": "nixos",
        "repo": "nixpkgs",
        "rev": "5672bc9dbf9d88246ddab5ac454e82318d094bb8",
        "type": "github"
      },
      "original": {
        "owner": "nixos",
        "ref": "nixos-unstable",
        "repo": "nixpkgs",
        "type": "github"
      }
    },
    "null-ls-nvim-src": {
      "flake": false,
      "locked": {
        "lastModified": 1691810493,
        "narHash": "sha256-cWA0rzkOp/ekVKaFee7iea1lhnqKtWUIU+fW5M950wI=",
        "owner": "jose-elias-alvarez",
        "repo": "null-ls.nvim",
        "rev": "0010ea927ab7c09ef0ce9bf28c2b573fc302f5a7",
        "type": "github"
      },
      "original": {
        "owner": "jose-elias-alvarez",
        "repo": "null-ls.nvim",
        "type": "github"
      }
    },
    "nvim-lspconfig-src": {
      "flake": false,
      "locked": {
        "lastModified": 1713420767,
        "narHash": "sha256-hHp6AUNlQP/z68BS//G/n2q6claLQCrW/QtUN4GCJxc=",
        "owner": "neovim",
        "repo": "nvim-lspconfig",
        "rev": "9eb6d866840df0f3fb1d2e8f34a7e0cfdf80f980",
        "type": "github"
      },
      "original": {
        "owner": "neovim",
        "repo": "nvim-lspconfig",
        "type": "github"
      }
    },
    "nvim-tree-lua-src": {
      "flake": false,
      "locked": {
        "lastModified": 1712366921,
        "narHash": "sha256-6pbOeklf+otsJIjt9IUyUfuTAedShnwERYq1IfhyrJs=",
        "owner": "kyazdani42",
        "repo": "nvim-tree.lua",
        "rev": "81eb8d519233c105f30dc0a278607e62b20502fd",
        "type": "github"
      },
      "original": {
        "owner": "kyazdani42",
        "repo": "nvim-tree.lua",
        "type": "github"
      }
    },
    "nvim-treesitter-src": {
      "flake": false,
      "locked": {
        "lastModified": 1677248832,
        "narHash": "sha256-4TmtrufxjVpnSNfFpn6GQStEhq3KQb3JfmfMEJnSI8k=",
        "owner": "nvim-treesitter",
        "repo": "nvim-treesitter",
        "rev": "b401b7423d18c78371c5ff1a5f8d3c14292b2047",
        "type": "github"
      },
      "original": {
        "owner": "nvim-treesitter",
        "ref": "v0.8.5.2",
        "repo": "nvim-treesitter",
        "type": "github"
      }
    },
    "root": {
      "inputs": {
        "Comment-nvim-src": "Comment-nvim-src",
        "bufferline-nvim-src": "bufferline-nvim-src",
        "cmp-nvim-lsp-src": "cmp-nvim-lsp-src",
        "darwin": "darwin",
        "disko": "disko",
        "home-manager": "home-manager",
        "nix2vim": "nix2vim",
        "nixos-generators": "nixos-generators",
        "nixpkgs": "nixpkgs",
        "null-ls-nvim-src": "null-ls-nvim-src",
        "nvim-lspconfig-src": "nvim-lspconfig-src",
        "nvim-tree-lua-src": "nvim-tree-lua-src",
        "nvim-treesitter-src": "nvim-treesitter-src",
        "telescope-nvim-src": "telescope-nvim-src",
        "telescope-project-nvim-src": "telescope-project-nvim-src",
        "toggleterm-nvim-src": "toggleterm-nvim-src"
      }
    },
    "systems": {
      "locked": {
        "lastModified": 1681028828,
        "narHash": "sha256-Vy1rq5AaRuLzOxct8nz4T6wlgyUR7zLU309k9mBC768=",
        "owner": "nix-systems",
        "repo": "default",
        "rev": "da67096a3b9bf56a91d16901293e51ba5b49a27e",
        "type": "github"
      },
      "original": {
        "owner": "nix-systems",
        "repo": "default",
        "type": "github"
      }
    },
    "telescope-nvim-src": {
      "flake": false,
      "locked": {
        "lastModified": 1713229404,
        "narHash": "sha256-/4dW4oLN/MnQ6gICNLZkUSr8V4giBINqzo3ev6voarc=",
        "owner": "nvim-telescope",
        "repo": "telescope.nvim",
        "rev": "d00d9df48c00d8682c14c2b5da78bda7ef06b939",
        "type": "github"
      },
      "original": {
        "owner": "nvim-telescope",
        "repo": "telescope.nvim",
        "type": "github"
      }
    },
    "telescope-project-nvim-src": {
      "flake": false,
      "locked": {
        "lastModified": 1701464478,
        "narHash": "sha256-touMCltcnqkrQYV1NtNeWLQeFVGt+WM3aIWIdKilA7w=",
        "owner": "nvim-telescope",
        "repo": "telescope-project.nvim",
        "rev": "1aaf16580a614601a7f7077d9639aeb457dc5559",
        "type": "github"
      },
      "original": {
        "owner": "nvim-telescope",
        "repo": "telescope-project.nvim",
        "type": "github"
      }
    },
    "toggleterm-nvim-src": {
      "flake": false,
      "locked": {
        "lastModified": 1707733615,
        "narHash": "sha256-FJyDxQm2vs9R4WkqAbh6ryCvEABfrLSKRrAGo/qI5jM=",
        "owner": "akinsho",
        "repo": "toggleterm.nvim",
        "rev": "193786e0371e3286d3bc9aa0079da1cd41beaa62",
        "type": "github"
      },
      "original": {
        "owner": "akinsho",
        "repo": "toggleterm.nvim",
        "type": "github"
      }
    }
  },
  "root": "root",
  "version": 7
}
